// !$*UTF8*$!
{
	archiveVersion = 1;
	classes = {
	};
	objectVersion = 50;
	objects = {

/* Begin PBXBuildFile section */
		1413EC4F20D71DD900C9FCA9 /* AppDelegate.swift in Sources */ = {isa = PBXBuildFile; fileRef = 1413EC4E20D71DD900C9FCA9 /* AppDelegate.swift */; };
		1413EC5620D71DDA00C9FCA9 /* Assets.xcassets in Resources */ = {isa = PBXBuildFile; fileRef = 1413EC5520D71DDA00C9FCA9 /* Assets.xcassets */; };
		1413EC5920D71DDA00C9FCA9 /* LaunchScreen.storyboard in Resources */ = {isa = PBXBuildFile; fileRef = 1413EC5720D71DDA00C9FCA9 /* LaunchScreen.storyboard */; };
		1444EFB820D720C200DC919E /* GithubAPI.swift in Sources */ = {isa = PBXBuildFile; fileRef = 1444EFB720D720C200DC919E /* GithubAPI.swift */; };
		1444EFBF20D725CE00DC919E /* UserSearchViewController.swift in Sources */ = {isa = PBXBuildFile; fileRef = 1444EFBE20D725CE00DC919E /* UserSearchViewController.swift */; };
		1444EFC120D7261700DC919E /* UserSearchRepository.swift in Sources */ = {isa = PBXBuildFile; fileRef = 1444EFC020D7261700DC919E /* UserSearchRepository.swift */; };
		1444EFC320D7266600DC919E /* GithubUser.swift in Sources */ = {isa = PBXBuildFile; fileRef = 1444EFC220D7266600DC919E /* GithubUser.swift */; };
		1444EFC820D7287300DC919E /* UserSearchPresenter.swift in Sources */ = {isa = PBXBuildFile; fileRef = 1444EFC720D7287300DC919E /* UserSearchPresenter.swift */; };
		1444EFD420D72D7F00DC919E /* UIViewControllerExtension.swift in Sources */ = {isa = PBXBuildFile; fileRef = 1444EFD320D72D7F00DC919E /* UIViewControllerExtension.swift */; };
		1444EFD620D72F8100DC919E /* GithubSearch.storyboard in Resources */ = {isa = PBXBuildFile; fileRef = 1444EFD520D72F8100DC919E /* GithubSearch.storyboard */; };
		1444EFDA20D7337600DC919E /* GithubUserTableViewCell.swift in Sources */ = {isa = PBXBuildFile; fileRef = 1444EFD920D7337600DC919E /* GithubUserTableViewCell.swift */; };
		1444EFDC20D73C5E00DC919E /* UITableViewCellExtension.swift in Sources */ = {isa = PBXBuildFile; fileRef = 1444EFDB20D73C5E00DC919E /* UITableViewCellExtension.swift */; };
		1444EFE220D7433400DC919E /* UserReposViewController.swift in Sources */ = {isa = PBXBuildFile; fileRef = 1444EFE120D7433400DC919E /* UserReposViewController.swift */; };
		1444EFE620D7456F00DC919E /* GithubRepoTableViewCell.swift in Sources */ = {isa = PBXBuildFile; fileRef = 1444EFE520D7456F00DC919E /* GithubRepoTableViewCell.swift */; };
		1444EFE820D745F400DC919E /* UserReposPresenter.swift in Sources */ = {isa = PBXBuildFile; fileRef = 1444EFE720D745F400DC919E /* UserReposPresenter.swift */; };
		1444EFEA20D7460C00DC919E /* UserReposRepository.swift in Sources */ = {isa = PBXBuildFile; fileRef = 1444EFE920D7460C00DC919E /* UserReposRepository.swift */; };
		1444EFEC20D7497A00DC919E /* GithubRepo.swift in Sources */ = {isa = PBXBuildFile; fileRef = 1444EFEB20D7497A00DC919E /* GithubRepo.swift */; };
		A68D72F002A2AEEB7955E76F /* Pods_GithubSearch.framework in Frameworks */ = {isa = PBXBuildFile; fileRef = 79039E8CAD456FDFBA3B68B7 /* Pods_GithubSearch.framework */; };
/* End PBXBuildFile section */

/* Begin PBXFileReference section */
		1413EC4B20D71DD900C9FCA9 /* GithubSearch.app */ = {isa = PBXFileReference; explicitFileType = wrapper.application; includeInIndex = 0; path = GithubSearch.app; sourceTree = BUILT_PRODUCTS_DIR; };
		1413EC4E20D71DD900C9FCA9 /* AppDelegate.swift */ = {isa = PBXFileReference; lastKnownFileType = sourcecode.swift; path = AppDelegate.swift; sourceTree = "<group>"; };
		1413EC5520D71DDA00C9FCA9 /* Assets.xcassets */ = {isa = PBXFileReference; lastKnownFileType = folder.assetcatalog; path = Assets.xcassets; sourceTree = "<group>"; };
		1413EC5820D71DDA00C9FCA9 /* Base */ = {isa = PBXFileReference; lastKnownFileType = file.storyboard; name = Base; path = Base.lproj/LaunchScreen.storyboard; sourceTree = "<group>"; };
		1413EC5A20D71DDA00C9FCA9 /* Info.plist */ = {isa = PBXFileReference; lastKnownFileType = text.plist.xml; path = Info.plist; sourceTree = "<group>"; };
		1444EFB720D720C200DC919E /* GithubAPI.swift */ = {isa = PBXFileReference; lastKnownFileType = sourcecode.swift; path = GithubAPI.swift; sourceTree = "<group>"; };
		1444EFBE20D725CE00DC919E /* UserSearchViewController.swift */ = {isa = PBXFileReference; lastKnownFileType = sourcecode.swift; path = UserSearchViewController.swift; sourceTree = "<group>"; };
		1444EFC020D7261700DC919E /* UserSearchRepository.swift */ = {isa = PBXFileReference; lastKnownFileType = sourcecode.swift; path = UserSearchRepository.swift; sourceTree = "<group>"; };
		1444EFC220D7266600DC919E /* GithubUser.swift */ = {isa = PBXFileReference; lastKnownFileType = sourcecode.swift; path = GithubUser.swift; sourceTree = "<group>"; };
		1444EFC720D7287300DC919E /* UserSearchPresenter.swift */ = {isa = PBXFileReference; lastKnownFileType = sourcecode.swift; path = UserSearchPresenter.swift; sourceTree = "<group>"; };
		1444EFD320D72D7F00DC919E /* UIViewControllerExtension.swift */ = {isa = PBXFileReference; lastKnownFileType = sourcecode.swift; path = UIViewControllerExtension.swift; sourceTree = "<group>"; };
		1444EFD520D72F8100DC919E /* GithubSearch.storyboard */ = {isa = PBXFileReference; lastKnownFileType = file.storyboard; path = GithubSearch.storyboard; sourceTree = "<group>"; };
		1444EFD920D7337600DC919E /* GithubUserTableViewCell.swift */ = {isa = PBXFileReference; lastKnownFileType = sourcecode.swift; path = GithubUserTableViewCell.swift; sourceTree = "<group>"; };
		1444EFDB20D73C5E00DC919E /* UITableViewCellExtension.swift */ = {isa = PBXFileReference; lastKnownFileType = sourcecode.swift; path = UITableViewCellExtension.swift; sourceTree = "<group>"; };
		1444EFE120D7433400DC919E /* UserReposViewController.swift */ = {isa = PBXFileReference; lastKnownFileType = sourcecode.swift; path = UserReposViewController.swift; sourceTree = "<group>"; };
		1444EFE520D7456F00DC919E /* GithubRepoTableViewCell.swift */ = {isa = PBXFileReference; lastKnownFileType = sourcecode.swift; path = GithubRepoTableViewCell.swift; sourceTree = "<group>"; };
		1444EFE720D745F400DC919E /* UserReposPresenter.swift */ = {isa = PBXFileReference; lastKnownFileType = sourcecode.swift; path = UserReposPresenter.swift; sourceTree = "<group>"; };
		1444EFE920D7460C00DC919E /* UserReposRepository.swift */ = {isa = PBXFileReference; lastKnownFileType = sourcecode.swift; path = UserReposRepository.swift; sourceTree = "<group>"; };
		1444EFEB20D7497A00DC919E /* GithubRepo.swift */ = {isa = PBXFileReference; lastKnownFileType = sourcecode.swift; path = GithubRepo.swift; sourceTree = "<group>"; };
		4DFB9BC25E5FF1711C5C7BD6 /* Pods-GithubSearch.release.xcconfig */ = {isa = PBXFileReference; includeInIndex = 1; lastKnownFileType = text.xcconfig; name = "Pods-GithubSearch.release.xcconfig"; path = "Pods/Target Support Files/Pods-GithubSearch/Pods-GithubSearch.release.xcconfig"; sourceTree = "<group>"; };
		79039E8CAD456FDFBA3B68B7 /* Pods_GithubSearch.framework */ = {isa = PBXFileReference; explicitFileType = wrapper.framework; includeInIndex = 0; path = Pods_GithubSearch.framework; sourceTree = BUILT_PRODUCTS_DIR; };
		E0AB98D5A178F0E18F3EA08F /* Pods-GithubSearch.debug.xcconfig */ = {isa = PBXFileReference; includeInIndex = 1; lastKnownFileType = text.xcconfig; name = "Pods-GithubSearch.debug.xcconfig"; path = "Pods/Target Support Files/Pods-GithubSearch/Pods-GithubSearch.debug.xcconfig"; sourceTree = "<group>"; };
/* End PBXFileReference section */

/* Begin PBXFrameworksBuildPhase section */
		1413EC4820D71DD900C9FCA9 /* Frameworks */ = {
			isa = PBXFrameworksBuildPhase;
			buildActionMask = 2147483647;
			files = (
				A68D72F002A2AEEB7955E76F /* Pods_GithubSearch.framework in Frameworks */,
			);
			runOnlyForDeploymentPostprocessing = 0;
		};
/* End PBXFrameworksBuildPhase section */

/* Begin PBXGroup section */
		1413EC4220D71DD900C9FCA9 = {
			isa = PBXGroup;
			children = (
				1413EC4D20D71DD900C9FCA9 /* GithubSearch */,
				1413EC4C20D71DD900C9FCA9 /* Products */,
				2BBEF339B9882273CF91E0F8 /* Pods */,
				AE18744372B8998CCE318BC1 /* Frameworks */,
			);
			sourceTree = "<group>";
		};
		1413EC4C20D71DD900C9FCA9 /* Products */ = {
			isa = PBXGroup;
			children = (
				1413EC4B20D71DD900C9FCA9 /* GithubSearch.app */,
			);
			name = Products;
			sourceTree = "<group>";
		};
		1413EC4D20D71DD900C9FCA9 /* GithubSearch */ = {
			isa = PBXGroup;
			children = (
				1413EC6020D71E8F00C9FCA9 /* Modules */,
				1413EC6120D71E9400C9FCA9 /* Classes */,
				1413EC6220D71EA400C9FCA9 /* Resources */,
				1413EC6320D71EA900C9FCA9 /* Supporting Files */,
			);
			path = GithubSearch;
			sourceTree = "<group>";
		};
		1413EC6020D71E8F00C9FCA9 /* Modules */ = {
			isa = PBXGroup;
			children = (
				1444EFB920D724EC00DC919E /* UserSearch */,
				1444EFDD20D742DC00DC919E /* UserRepos */,
			);
			path = Modules;
			sourceTree = "<group>";
		};
		1413EC6120D71E9400C9FCA9 /* Classes */ = {
			isa = PBXGroup;
			children = (
				14F8B95B20D869C10054DF36 /* Components */,
				1444EFCB20D72CDA00DC919E /* Utilities */,
				1444EFC520D7283F00DC919E /* Models */,
				1413EC6520D7201600C9FCA9 /* API */,
				1413EC6420D71EC200C9FCA9 /* Application */,
			);
			path = Classes;
			sourceTree = "<group>";
		};
		1413EC6220D71EA400C9FCA9 /* Resources */ = {
			isa = PBXGroup;
			children = (
				1413EC5520D71DDA00C9FCA9 /* Assets.xcassets */,
				1413EC5720D71DDA00C9FCA9 /* LaunchScreen.storyboard */,
				1444EFD520D72F8100DC919E /* GithubSearch.storyboard */,
			);
			path = Resources;
			sourceTree = "<group>";
		};
		1413EC6320D71EA900C9FCA9 /* Supporting Files */ = {
			isa = PBXGroup;
			children = (
				1413EC5A20D71DDA00C9FCA9 /* Info.plist */,
			);
			path = "Supporting Files";
			sourceTree = "<group>";
		};
		1413EC6420D71EC200C9FCA9 /* Application */ = {
			isa = PBXGroup;
			children = (
				1413EC4E20D71DD900C9FCA9 /* AppDelegate.swift */,
			);
			path = Application;
			sourceTree = "<group>";
		};
		1413EC6520D7201600C9FCA9 /* API */ = {
			isa = PBXGroup;
			children = (
				1444EFB720D720C200DC919E /* GithubAPI.swift */,
			);
			path = API;
			sourceTree = "<group>";
		};
		1444EFB920D724EC00DC919E /* UserSearch */ = {
			isa = PBXGroup;
			children = (
				1444EFC620D7285600DC919E /* Presenter */,
				1444EFBA20D7250700DC919E /* View */,
				1444EFBD20D725AC00DC919E /* Repository */,
			);
			path = UserSearch;
			sourceTree = "<group>";
		};
		1444EFBA20D7250700DC919E /* View */ = {
			isa = PBXGroup;
			children = (
				1444EFD720D7335800DC919E /* TableView */,
				1444EFBE20D725CE00DC919E /* UserSearchViewController.swift */,
			);
			path = View;
			sourceTree = "<group>";
		};
		1444EFBD20D725AC00DC919E /* Repository */ = {
			isa = PBXGroup;
			children = (
				1444EFC020D7261700DC919E /* UserSearchRepository.swift */,
			);
			path = Repository;
			sourceTree = "<group>";
		};
		1444EFC520D7283F00DC919E /* Models */ = {
			isa = PBXGroup;
			children = (
				1444EFC220D7266600DC919E /* GithubUser.swift */,
				1444EFEB20D7497A00DC919E /* GithubRepo.swift */,
			);
			path = Models;
			sourceTree = "<group>";
		};
		1444EFC620D7285600DC919E /* Presenter */ = {
			isa = PBXGroup;
			children = (
				1444EFC720D7287300DC919E /* UserSearchPresenter.swift */,
			);
			path = Presenter;
			sourceTree = "<group>";
		};
		1444EFCB20D72CDA00DC919E /* Utilities */ = {
			isa = PBXGroup;
			children = (
				1444EFCC20D72CDE00DC919E /* Extensions */,
			);
			path = Utilities;
			sourceTree = "<group>";
		};
		1444EFCC20D72CDE00DC919E /* Extensions */ = {
			isa = PBXGroup;
			children = (
				1444EFD320D72D7F00DC919E /* UIViewControllerExtension.swift */,
				1444EFDB20D73C5E00DC919E /* UITableViewCellExtension.swift */,
			);
			path = Extensions;
			sourceTree = "<group>";
		};
		1444EFD720D7335800DC919E /* TableView */ = {
			isa = PBXGroup;
			children = (
				1444EFD820D7335F00DC919E /* Cells */,
			);
			path = TableView;
			sourceTree = "<group>";
		};
		1444EFD820D7335F00DC919E /* Cells */ = {
			isa = PBXGroup;
			children = (
				1444EFD920D7337600DC919E /* GithubUserTableViewCell.swift */,
			);
			path = Cells;
			sourceTree = "<group>";
		};
		1444EFDD20D742DC00DC919E /* UserRepos */ = {
			isa = PBXGroup;
			children = (
				1444EFDE20D742E700DC919E /* Presenter */,
				1444EFDF20D742EC00DC919E /* View */,
				1444EFE020D742F300DC919E /* Repository */,
			);
			path = UserRepos;
			sourceTree = "<group>";
		};
		1444EFDE20D742E700DC919E /* Presenter */ = {
			isa = PBXGroup;
			children = (
				1444EFE720D745F400DC919E /* UserReposPresenter.swift */,
			);
			path = Presenter;
			sourceTree = "<group>";
		};
		1444EFDF20D742EC00DC919E /* View */ = {
			isa = PBXGroup;
			children = (
				1444EFE320D7455A00DC919E /* TableView */,
				1444EFE120D7433400DC919E /* UserReposViewController.swift */,
			);
			path = View;
			sourceTree = "<group>";
		};
		1444EFE020D742F300DC919E /* Repository */ = {
			isa = PBXGroup;
			children = (
				1444EFE920D7460C00DC919E /* UserReposRepository.swift */,
			);
			path = Repository;
			sourceTree = "<group>";
		};
		1444EFE320D7455A00DC919E /* TableView */ = {
			isa = PBXGroup;
			children = (
				1444EFE420D7455E00DC919E /* Cells */,
			);
			path = TableView;
			sourceTree = "<group>";
		};
		1444EFE420D7455E00DC919E /* Cells */ = {
			isa = PBXGroup;
			children = (
				1444EFE520D7456F00DC919E /* GithubRepoTableViewCell.swift */,
			);
			path = Cells;
			sourceTree = "<group>";
		};
		14F8B95B20D869C10054DF36 /* Components */ = {
			isa = PBXGroup;
			children = (
				14F8B95C20D869D00054DF36 /* EmpyStateView */,
			);
			path = Components;
			sourceTree = "<group>";
		};
		14F8B95C20D869D00054DF36 /* EmpyStateView */ = {
			isa = PBXGroup;
			children = (
			);
			path = EmpyStateView;
			sourceTree = "<group>";
		};
		2BBEF339B9882273CF91E0F8 /* Pods */ = {
			isa = PBXGroup;
			children = (
				E0AB98D5A178F0E18F3EA08F /* Pods-GithubSearch.debug.xcconfig */,
				4DFB9BC25E5FF1711C5C7BD6 /* Pods-GithubSearch.release.xcconfig */,
			);
			name = Pods;
			sourceTree = "<group>";
		};
		AE18744372B8998CCE318BC1 /* Frameworks */ = {
			isa = PBXGroup;
			children = (
				79039E8CAD456FDFBA3B68B7 /* Pods_GithubSearch.framework */,
			);
			name = Frameworks;
			sourceTree = "<group>";
		};
/* End PBXGroup section */

/* Begin PBXNativeTarget section */
		1413EC4A20D71DD900C9FCA9 /* GithubSearch */ = {
			isa = PBXNativeTarget;
			buildConfigurationList = 1413EC5D20D71DDA00C9FCA9 /* Build configuration list for PBXNativeTarget "GithubSearch" */;
			buildPhases = (
				022D8DF925D723C2A851817F /* [CP] Check Pods Manifest.lock */,
				1413EC4720D71DD900C9FCA9 /* Sources */,
				1413EC4820D71DD900C9FCA9 /* Frameworks */,
				1413EC4920D71DD900C9FCA9 /* Resources */,
				FF090A45B9BA67E2967D910F /* [CP] Embed Pods Frameworks */,
			);
			buildRules = (
			);
			dependencies = (
			);
			name = GithubSearch;
			productName = GithubSearch;
			productReference = 1413EC4B20D71DD900C9FCA9 /* GithubSearch.app */;
			productType = "com.apple.product-type.application";
		};
/* End PBXNativeTarget section */

/* Begin PBXProject section */
		1413EC4320D71DD900C9FCA9 /* Project object */ = {
			isa = PBXProject;
			attributes = {
				LastSwiftUpdateCheck = 0940;
				LastUpgradeCheck = 0940;
				ORGANIZATIONNAME = "Arthur Alvarez";
				TargetAttributes = {
					1413EC4A20D71DD900C9FCA9 = {
						CreatedOnToolsVersion = 9.4.1;
					};
				};
			};
			buildConfigurationList = 1413EC4620D71DD900C9FCA9 /* Build configuration list for PBXProject "GithubSearch" */;
			compatibilityVersion = "Xcode 9.3";
			developmentRegion = en;
			hasScannedForEncodings = 0;
			knownRegions = (
				en,
				Base,
			);
			mainGroup = 1413EC4220D71DD900C9FCA9;
			productRefGroup = 1413EC4C20D71DD900C9FCA9 /* Products */;
			projectDirPath = "";
			projectRoot = "";
			targets = (
				1413EC4A20D71DD900C9FCA9 /* GithubSearch */,
			);
		};
/* End PBXProject section */

/* Begin PBXResourcesBuildPhase section */
		1413EC4920D71DD900C9FCA9 /* Resources */ = {
			isa = PBXResourcesBuildPhase;
			buildActionMask = 2147483647;
			files = (
				1413EC5920D71DDA00C9FCA9 /* LaunchScreen.storyboard in Resources */,
				1444EFD620D72F8100DC919E /* GithubSearch.storyboard in Resources */,
				1413EC5620D71DDA00C9FCA9 /* Assets.xcassets in Resources */,
			);
			runOnlyForDeploymentPostprocessing = 0;
		};
/* End PBXResourcesBuildPhase section */

/* Begin PBXShellScriptBuildPhase section */
		022D8DF925D723C2A851817F /* [CP] Check Pods Manifest.lock */ = {
			isa = PBXShellScriptBuildPhase;
			buildActionMask = 2147483647;
			files = (
			);
			inputPaths = (
				"${PODS_PODFILE_DIR_PATH}/Podfile.lock",
				"${PODS_ROOT}/Manifest.lock",
			);
			name = "[CP] Check Pods Manifest.lock";
			outputPaths = (
				"$(DERIVED_FILE_DIR)/Pods-GithubSearch-checkManifestLockResult.txt",
			);
			runOnlyForDeploymentPostprocessing = 0;
			shellPath = /bin/sh;
			shellScript = "diff \"${PODS_PODFILE_DIR_PATH}/Podfile.lock\" \"${PODS_ROOT}/Manifest.lock\" > /dev/null\nif [ $? != 0 ] ; then\n    # print error to STDERR\n    echo \"error: The sandbox is not in sync with the Podfile.lock. Run 'pod install' or update your CocoaPods installation.\" >&2\n    exit 1\nfi\n# This output is used by Xcode 'outputs' to avoid re-running this script phase.\necho \"SUCCESS\" > \"${SCRIPT_OUTPUT_FILE_0}\"\n";
			showEnvVarsInLog = 0;
		};
		FF090A45B9BA67E2967D910F /* [CP] Embed Pods Frameworks */ = {
			isa = PBXShellScriptBuildPhase;
			buildActionMask = 2147483647;
			files = (
			);
			inputPaths = (
				"${SRCROOT}/Pods/Target Support Files/Pods-GithubSearch/Pods-GithubSearch-frameworks.sh",
				"${BUILT_PRODUCTS_DIR}/Alamofire/Alamofire.framework",
				"${BUILT_PRODUCTS_DIR}/Kingfisher/Kingfisher.framework",
				"${BUILT_PRODUCTS_DIR}/MBProgressHUD/MBProgressHUD.framework",
				"${BUILT_PRODUCTS_DIR}/MarqueeLabel/MarqueeLabel.framework",
				"${BUILT_PRODUCTS_DIR}/Moya/Moya.framework",
				"${BUILT_PRODUCTS_DIR}/NotificationBannerSwift/NotificationBannerSwift.framework",
				"${BUILT_PRODUCTS_DIR}/Result/Result.framework",
				"${BUILT_PRODUCTS_DIR}/SnapKit/SnapKit.framework",
			);
			name = "[CP] Embed Pods Frameworks";
			outputPaths = (
				"${TARGET_BUILD_DIR}/${FRAMEWORKS_FOLDER_PATH}/Alamofire.framework",
				"${TARGET_BUILD_DIR}/${FRAMEWORKS_FOLDER_PATH}/Kingfisher.framework",
				"${TARGET_BUILD_DIR}/${FRAMEWORKS_FOLDER_PATH}/MBProgressHUD.framework",
				"${TARGET_BUILD_DIR}/${FRAMEWORKS_FOLDER_PATH}/MarqueeLabel.framework",
				"${TARGET_BUILD_DIR}/${FRAMEWORKS_FOLDER_PATH}/Moya.framework",
				"${TARGET_BUILD_DIR}/${FRAMEWORKS_FOLDER_PATH}/NotificationBannerSwift.framework",
				"${TARGET_BUILD_DIR}/${FRAMEWORKS_FOLDER_PATH}/Result.framework",
				"${TARGET_BUILD_DIR}/${FRAMEWORKS_FOLDER_PATH}/SnapKit.framework",
			);
			runOnlyForDeploymentPostprocessing = 0;
			shellPath = /bin/sh;
			shellScript = "\"${SRCROOT}/Pods/Target Support Files/Pods-GithubSearch/Pods-GithubSearch-frameworks.sh\"\n";
			showEnvVarsInLog = 0;
		};
/* End PBXShellScriptBuildPhase section */

/* Begin PBXSourcesBuildPhase section */
		1413EC4720D71DD900C9FCA9 /* Sources */ = {
			isa = PBXSourcesBuildPhase;
			buildActionMask = 2147483647;
			files = (
				1413EC4F20D71DD900C9FCA9 /* AppDelegate.swift in Sources */,
				1444EFC820D7287300DC919E /* UserSearchPresenter.swift in Sources */,
				1444EFE620D7456F00DC919E /* GithubRepoTableViewCell.swift in Sources */,
				1444EFBF20D725CE00DC919E /* UserSearchViewController.swift in Sources */,
				1444EFDC20D73C5E00DC919E /* UITableViewCellExtension.swift in Sources */,
				1444EFC120D7261700DC919E /* UserSearchRepository.swift in Sources */,
				1444EFEC20D7497A00DC919E /* GithubRepo.swift in Sources */,
				1444EFC320D7266600DC919E /* GithubUser.swift in Sources */,
				1444EFE820D745F400DC919E /* UserReposPresenter.swift in Sources */,
				1444EFEA20D7460C00DC919E /* UserReposRepository.swift in Sources */,
				1444EFDA20D7337600DC919E /* GithubUserTableViewCell.swift in Sources */,
				1444EFE220D7433400DC919E /* UserReposViewController.swift in Sources */,
				1444EFD420D72D7F00DC919E /* UIViewControllerExtension.swift in Sources */,
				1444EFB820D720C200DC919E /* GithubAPI.swift in Sources */,
			);
			runOnlyForDeploymentPostprocessing = 0;
		};
/* End PBXSourcesBuildPhase section */

/* Begin PBXVariantGroup section */
		1413EC5720D71DDA00C9FCA9 /* LaunchScreen.storyboard */ = {
			isa = PBXVariantGroup;
			children = (
				1413EC5820D71DDA00C9FCA9 /* Base */,
			);
			name = LaunchScreen.storyboard;
			sourceTree = "<group>";
		};
/* End PBXVariantGroup section */

/* Begin XCBuildConfiguration section */
		1413EC5B20D71DDA00C9FCA9 /* Debug */ = {
			isa = XCBuildConfiguration;
			buildSettings = {
				ALWAYS_SEARCH_USER_PATHS = NO;
				CLANG_ANALYZER_NONNULL = YES;
				CLANG_ANALYZER_NUMBER_OBJECT_CONVERSION = YES_AGGRESSIVE;
				CLANG_CXX_LANGUAGE_STANDARD = "gnu++14";
				CLANG_CXX_LIBRARY = "libc++";
				CLANG_ENABLE_MODULES = YES;
				CLANG_ENABLE_OBJC_ARC = YES;
				CLANG_ENABLE_OBJC_WEAK = YES;
				CLANG_WARN_BLOCK_CAPTURE_AUTORELEASING = YES;
				CLANG_WARN_BOOL_CONVERSION = YES;
				CLANG_WARN_COMMA = YES;
				CLANG_WARN_CONSTANT_CONVERSION = YES;
				CLANG_WARN_DEPRECATED_OBJC_IMPLEMENTATIONS = YES;
				CLANG_WARN_DIRECT_OBJC_ISA_USAGE = YES_ERROR;
				CLANG_WARN_DOCUMENTATION_COMMENTS = YES;
				CLANG_WARN_EMPTY_BODY = YES;
				CLANG_WARN_ENUM_CONVERSION = YES;
				CLANG_WARN_INFINITE_RECURSION = YES;
				CLANG_WARN_INT_CONVERSION = YES;
				CLANG_WARN_NON_LITERAL_NULL_CONVERSION = YES;
				CLANG_WARN_OBJC_IMPLICIT_RETAIN_SELF = YES;
				CLANG_WARN_OBJC_LITERAL_CONVERSION = YES;
				CLANG_WARN_OBJC_ROOT_CLASS = YES_ERROR;
				CLANG_WARN_RANGE_LOOP_ANALYSIS = YES;
				CLANG_WARN_STRICT_PROTOTYPES = YES;
				CLANG_WARN_SUSPICIOUS_MOVE = YES;
				CLANG_WARN_UNGUARDED_AVAILABILITY = YES_AGGRESSIVE;
				CLANG_WARN_UNREACHABLE_CODE = YES;
				CLANG_WARN__DUPLICATE_METHOD_MATCH = YES;
				CODE_SIGN_IDENTITY = "iPhone Developer";
				COPY_PHASE_STRIP = NO;
				DEBUG_INFORMATION_FORMAT = dwarf;
				ENABLE_STRICT_OBJC_MSGSEND = YES;
				ENABLE_TESTABILITY = YES;
				GCC_C_LANGUAGE_STANDARD = gnu11;
				GCC_DYNAMIC_NO_PIC = NO;
				GCC_NO_COMMON_BLOCKS = YES;
				GCC_OPTIMIZATION_LEVEL = 0;
				GCC_PREPROCESSOR_DEFINITIONS = (
					"DEBUG=1",
					"$(inherited)",
				);
				GCC_WARN_64_TO_32_BIT_CONVERSION = YES;
				GCC_WARN_ABOUT_RETURN_TYPE = YES_ERROR;
				GCC_WARN_UNDECLARED_SELECTOR = YES;
				GCC_WARN_UNINITIALIZED_AUTOS = YES_AGGRESSIVE;
				GCC_WARN_UNUSED_FUNCTION = YES;
				GCC_WARN_UNUSED_VARIABLE = YES;
				IPHONEOS_DEPLOYMENT_TARGET = 11.4;
				MTL_ENABLE_DEBUG_INFO = YES;
				ONLY_ACTIVE_ARCH = YES;
				SDKROOT = iphoneos;
				SWIFT_ACTIVE_COMPILATION_CONDITIONS = DEBUG;
				SWIFT_OPTIMIZATION_LEVEL = "-Onone";
			};
			name = Debug;
		};
		1413EC5C20D71DDA00C9FCA9 /* Release */ = {
			isa = XCBuildConfiguration;
			buildSettings = {
				ALWAYS_SEARCH_USER_PATHS = NO;
				CLANG_ANALYZER_NONNULL = YES;
				CLANG_ANALYZER_NUMBER_OBJECT_CONVERSION = YES_AGGRESSIVE;
				CLANG_CXX_LANGUAGE_STANDARD = "gnu++14";
				CLANG_CXX_LIBRARY = "libc++";
				CLANG_ENABLE_MODULES = YES;
				CLANG_ENABLE_OBJC_ARC = YES;
				CLANG_ENABLE_OBJC_WEAK = YES;
				CLANG_WARN_BLOCK_CAPTURE_AUTORELEASING = YES;
				CLANG_WARN_BOOL_CONVERSION = YES;
				CLANG_WARN_COMMA = YES;
				CLANG_WARN_CONSTANT_CONVERSION = YES;
				CLANG_WARN_DEPRECATED_OBJC_IMPLEMENTATIONS = YES;
				CLANG_WARN_DIRECT_OBJC_ISA_USAGE = YES_ERROR;
				CLANG_WARN_DOCUMENTATION_COMMENTS = YES;
				CLANG_WARN_EMPTY_BODY = YES;
				CLANG_WARN_ENUM_CONVERSION = YES;
				CLANG_WARN_INFINITE_RECURSION = YES;
				CLANG_WARN_INT_CONVERSION = YES;
				CLANG_WARN_NON_LITERAL_NULL_CONVERSION = YES;
				CLANG_WARN_OBJC_IMPLICIT_RETAIN_SELF = YES;
				CLANG_WARN_OBJC_LITERAL_CONVERSION = YES;
				CLANG_WARN_OBJC_ROOT_CLASS = YES_ERROR;
				CLANG_WARN_RANGE_LOOP_ANALYSIS = YES;
				CLANG_WARN_STRICT_PROTOTYPES = YES;
				CLANG_WARN_SUSPICIOUS_MOVE = YES;
				CLANG_WARN_UNGUARDED_AVAILABILITY = YES_AGGRESSIVE;
				CLANG_WARN_UNREACHABLE_CODE = YES;
				CLANG_WARN__DUPLICATE_METHOD_MATCH = YES;
				CODE_SIGN_IDENTITY = "iPhone Developer";
				COPY_PHASE_STRIP = NO;
				DEBUG_INFORMATION_FORMAT = "dwarf-with-dsym";
				ENABLE_NS_ASSERTIONS = NO;
				ENABLE_STRICT_OBJC_MSGSEND = YES;
				GCC_C_LANGUAGE_STANDARD = gnu11;
				GCC_NO_COMMON_BLOCKS = YES;
				GCC_WARN_64_TO_32_BIT_CONVERSION = YES;
				GCC_WARN_ABOUT_RETURN_TYPE = YES_ERROR;
				GCC_WARN_UNDECLARED_SELECTOR = YES;
				GCC_WARN_UNINITIALIZED_AUTOS = YES_AGGRESSIVE;
				GCC_WARN_UNUSED_FUNCTION = YES;
				GCC_WARN_UNUSED_VARIABLE = YES;
				IPHONEOS_DEPLOYMENT_TARGET = 11.4;
				MTL_ENABLE_DEBUG_INFO = NO;
				SDKROOT = iphoneos;
				SWIFT_COMPILATION_MODE = wholemodule;
				SWIFT_OPTIMIZATION_LEVEL = "-O";
				VALIDATE_PRODUCT = YES;
			};
			name = Release;
		};
		1413EC5E20D71DDA00C9FCA9 /* Debug */ = {
			isa = XCBuildConfiguration;
			baseConfigurationReference = E0AB98D5A178F0E18F3EA08F /* Pods-GithubSearch.debug.xcconfig */;
			buildSettings = {
				ASSETCATALOG_COMPILER_APPICON_NAME = AppIcon;
				CODE_SIGN_STYLE = Automatic;
				INFOPLIST_FILE = "$(SRCROOT)/GithubSearch/Supporting Files/Info.plist";
				LD_RUNPATH_SEARCH_PATHS = (
					"$(inherited)",
					"@executable_path/Frameworks",
				);
				PRODUCT_BUNDLE_IDENTIFIER = com.arthuralvarez.GithubSearch;
				PRODUCT_NAME = "$(TARGET_NAME)";
				SWIFT_VERSION = 4.0;
				TARGETED_DEVICE_FAMILY = "1,2";
			};
			name = Debug;
		};
		1413EC5F20D71DDA00C9FCA9 /* Release */ = {
			isa = XCBuildConfiguration;
			baseConfigurationReference = 4DFB9BC25E5FF1711C5C7BD6 /* Pods-GithubSearch.release.xcconfig */;
			buildSettings = {
				ASSETCATALOG_COMPILER_APPICON_NAME = AppIcon;
				CODE_SIGN_STYLE = Automatic;
				INFOPLIST_FILE = "$(SRCROOT)/GithubSearch/Supporting Files/Info.plist";
				LD_RUNPATH_SEARCH_PATHS = (
					"$(inherited)",
					"@executable_path/Frameworks",
				);
				PRODUCT_BUNDLE_IDENTIFIER = com.arthuralvarez.GithubSearch;
				PRODUCT_NAME = "$(TARGET_NAME)";
				SWIFT_VERSION = 4.0;
				TARGETED_DEVICE_FAMILY = "1,2";
			};
			name = Release;
		};
/* End XCBuildConfiguration section */

/* Begin XCConfigurationList section */
		1413EC4620D71DD900C9FCA9 /* Build configuration list for PBXProject "GithubSearch" */ = {
			isa = XCConfigurationList;
			buildConfigurations = (
				1413EC5B20D71DDA00C9FCA9 /* Debug */,
				1413EC5C20D71DDA00C9FCA9 /* Release */,
			);
			defaultConfigurationIsVisible = 0;
			defaultConfigurationName = Release;
		};
		1413EC5D20D71DDA00C9FCA9 /* Build configuration list for PBXNativeTarget "GithubSearch" */ = {
			isa = XCConfigurationList;
			buildConfigurations = (
				1413EC5E20D71DDA00C9FCA9 /* Debug */,
				1413EC5F20D71DDA00C9FCA9 /* Release */,
			);
			defaultConfigurationIsVisible = 0;
			defaultConfigurationName = Release;
		};
/* End XCConfigurationList section */
	};
	rootObject = 1413EC4320D71DD900C9FCA9 /* Project object */;
}
